
Microsoft Visual Studio Solution File, Format Version 12.00
# Visual Studio Version 16
VisualStudioVersion = 16.0.30204.135
MinimumVisualStudioVersion = 10.0.40219.1
Project("{FAE04EC0-301F-11D3-BF4B-00C04F79EFBC}") = "TaskScheduler", "TaskScheduler\TaskScheduler.csproj", "{081E32D9-727C-4285-B493-4C49EDF60187}"
EndProject
Project("{FAE04EC0-301F-11D3-BF4B-00C04F79EFBC}") = "RealTest", "RealTest\RealTest.csproj", "{D146276D-F2C0-4CE0-BADE-B54D634FA436}"
EndProject
Global
	GlobalSection(SolutionConfigurationPlatforms) = preSolution
		Debug|Any CPU = Debug|Any CPU
		Release|Any CPU = Release|Any CPU
	EndGlobalSection
	GlobalSection(ProjectConfigurationPlatforms) = postSolution
		{081E32D9-727C-4285-B493-4C49EDF60187}.Debug|Any CPU.ActiveCfg = Debug|Any CPU
		{081E32D9-727C-4285-B493-4C49EDF60187}.Debug|Any CPU.Build.0 = Debug|Any CPU
		{081E32D9-727C-4285-B493-4C49EDF60187}.Release|Any CPU.ActiveCfg = Release|Any CPU
		{081E32D9-727C-4285-B493-4C49EDF60187}.Release|Any CPU.Build.0 = Release|Any CPU
		{D146276D-F2C0-4CE0-BADE-B54D634FA436}.Debug|Any CPU.ActiveCfg = Debug|Any CPU
		{D146276D-F2C0-4CE0-BADE-B54D634FA436}.Debug|Any CPU.Build.0 = Debug|Any CPU
		{D146276D-F2C0-4CE0-BADE-B54D634FA436}.Release|Any CPU.ActiveCfg = Release|Any CPU
		{D146276D-F2C0-4CE0-BADE-B54D634FA436}.Release|Any CPU.Build.0 = Release|Any CPU
	EndGlobalSection
	GlobalSection(SolutionProperties) = preSolution
		HideSolutionNode = FALSE
	EndGlobalSection
	GlobalSection(ExtensibilityGlobals) = postSolution
		SolutionGuid = {D771EB02-153C-4424-9DE6-8F97C6303C19}
	EndGlobalSection
EndGlobal
